{
  "nodes": {
    "nixpkgs": {
      "locked": {
        "narHash": "sha256-4jyW/dqFBVpWFnhl0nvP6EN4lP7/ZqPxYRjl6var0Oc=",
        "rev": "34bdaaf1f0b7fb6d9091472edc968ff10a8c2857",
        "revCount": 492026,
        "type": "tarball",
        "url": "https://api.flakehub.com/f/pinned/NixOS/nixpkgs/0.2305.492026%2Brev-34bdaaf1f0b7fb6d9091472edc968ff10a8c2857/018b8da1-3980-751f-84e4-d1c0bb1427f4/source.tar.gz"
      },
      "original": {
        "type": "tarball",
        "url": "https://flakehub.com/f/NixOS/nixpkgs/0.2305.491812.tar.gz"
      }
    },
    "root": {
      "inputs": {
        "nixpkgs": "nixpkgs"
      }
    }
  },
  "root": "root",
  "version": 7
}
